// !$*UTF8*$!
{
	archiveVersion = 1;
	classes = {
	};
	objectVersion = 50;
	objects = {

/* Begin PBXBuildFile section */
		A2053E3621AE13EF00AE5003 /* AppDelegate.swift in Sources */ = {isa = PBXBuildFile; fileRef = A2053E3521AE13EF00AE5003 /* AppDelegate.swift */; };
		A2053E3821AE13EF00AE5003 /* ViewController.swift in Sources */ = {isa = PBXBuildFile; fileRef = A2053E3721AE13EF00AE5003 /* ViewController.swift */; };
		A2053E3B21AE13EF00AE5003 /* Main.storyboard in Resources */ = {isa = PBXBuildFile; fileRef = A2053E3921AE13EF00AE5003 /* Main.storyboard */; };
		A2053E3D21AE13F000AE5003 /* Assets.xcassets in Resources */ = {isa = PBXBuildFile; fileRef = A2053E3C21AE13F000AE5003 /* Assets.xcassets */; };
		A2053E4021AE13F000AE5003 /* LaunchScreen.storyboard in Resources */ = {isa = PBXBuildFile; fileRef = A2053E3E21AE13F000AE5003 /* LaunchScreen.storyboard */; };
		A29F37D921B8993B00644A28 /* Model.swift in Sources */ = {isa = PBXBuildFile; fileRef = A29F37D821B8993B00644A28 /* Model.swift */; };
		A29F37DB21B89A4A00644A28 /* Account.swift in Sources */ = {isa = PBXBuildFile; fileRef = A29F37DA21B89A4A00644A28 /* Account.swift */; };
		A29F37E221B8A31100644A28 /* RegisterScreenViewController.swift in Sources */ = {isa = PBXBuildFile; fileRef = A29F37E121B8A31100644A28 /* RegisterScreenViewController.swift */; };
		A29F37E421B8C8D700644A28 /* AccountDatabase.swift in Sources */ = {isa = PBXBuildFile; fileRef = A29F37E321B8C8D700644A28 /* AccountDatabase.swift */; };
		A29F37E821B9067600644A28 /* LoginScreenViewController.swift in Sources */ = {isa = PBXBuildFile; fileRef = A29F37E721B9067600644A28 /* LoginScreenViewController.swift */; };
		A29F37EA21B908A000644A28 /* HomeScreenViewController.swift in Sources */ = {isa = PBXBuildFile; fileRef = A29F37E921B908A000644A28 /* HomeScreenViewController.swift */; };
		A29F37EC21B9800900644A28 /* AccountRole.swift in Sources */ = {isa = PBXBuildFile; fileRef = A29F37EB21B9800900644A28 /* AccountRole.swift */; };
		A29F37EE21B9D4AE00644A28 /* LocationData.csv in Resources */ = {isa = PBXBuildFile; fileRef = A29F37ED21B9D4AD00644A28 /* LocationData.csv */; };
		A29F37F021B9D63000644A28 /* Location.swift in Sources */ = {isa = PBXBuildFile; fileRef = A29F37EF21B9D63000644A28 /* Location.swift */; };
		A29F37F221B9D83E00644A28 /* LocationDatabase.swift in Sources */ = {isa = PBXBuildFile; fileRef = A29F37F121B9D83E00644A28 /* LocationDatabase.swift */; };
		A29F37F421B9E54000644A28 /* LocationListTableViewController.swift in Sources */ = {isa = PBXBuildFile; fileRef = A29F37F321B9E54000644A28 /* LocationListTableViewController.swift */; };
		A29F37F621B9E5B400644A28 /* LocationViewController.swift in Sources */ = {isa = PBXBuildFile; fileRef = A29F37F521B9E5B400644A28 /* LocationViewController.swift */; };
		A29F37F821B9EB1100644A28 /* LocationTableViewCell.swift in Sources */ = {isa = PBXBuildFile; fileRef = A29F37F721B9EB1100644A28 /* LocationTableViewCell.swift */; };
/* End PBXBuildFile section */

/* Begin PBXFileReference section */
		A2053E3221AE13EF00AE5003 /* DonationTracker.app */ = {isa = PBXFileReference; explicitFileType = wrapper.application; includeInIndex = 0; path = DonationTracker.app; sourceTree = BUILT_PRODUCTS_DIR; };
		A2053E3521AE13EF00AE5003 /* AppDelegate.swift */ = {isa = PBXFileReference; lastKnownFileType = sourcecode.swift; path = AppDelegate.swift; sourceTree = "<group>"; };
		A2053E3721AE13EF00AE5003 /* ViewController.swift */ = {isa = PBXFileReference; lastKnownFileType = sourcecode.swift; path = ViewController.swift; sourceTree = "<group>"; };
		A2053E3A21AE13EF00AE5003 /* Base */ = {isa = PBXFileReference; lastKnownFileType = file.storyboard; name = Base; path = Base.lproj/Main.storyboard; sourceTree = "<group>"; };
		A2053E3C21AE13F000AE5003 /* Assets.xcassets */ = {isa = PBXFileReference; lastKnownFileType = folder.assetcatalog; path = Assets.xcassets; sourceTree = "<group>"; };
		A2053E3F21AE13F000AE5003 /* Base */ = {isa = PBXFileReference; lastKnownFileType = file.storyboard; name = Base; path = Base.lproj/LaunchScreen.storyboard; sourceTree = "<group>"; };
		A2053E4121AE13F000AE5003 /* Info.plist */ = {isa = PBXFileReference; lastKnownFileType = text.plist.xml; path = Info.plist; sourceTree = "<group>"; };
		A29F37D821B8993B00644A28 /* Model.swift */ = {isa = PBXFileReference; lastKnownFileType = sourcecode.swift; path = Model.swift; sourceTree = "<group>"; };
		A29F37DA21B89A4A00644A28 /* Account.swift */ = {isa = PBXFileReference; lastKnownFileType = sourcecode.swift; path = Account.swift; sourceTree = "<group>"; };
		A29F37E121B8A31100644A28 /* RegisterScreenViewController.swift */ = {isa = PBXFileReference; lastKnownFileType = sourcecode.swift; path = RegisterScreenViewController.swift; sourceTree = "<group>"; };
		A29F37E321B8C8D700644A28 /* AccountDatabase.swift */ = {isa = PBXFileReference; lastKnownFileType = sourcecode.swift; path = AccountDatabase.swift; sourceTree = "<group>"; };
		A29F37E721B9067600644A28 /* LoginScreenViewController.swift */ = {isa = PBXFileReference; lastKnownFileType = sourcecode.swift; path = LoginScreenViewController.swift; sourceTree = "<group>"; };
		A29F37E921B908A000644A28 /* HomeScreenViewController.swift */ = {isa = PBXFileReference; lastKnownFileType = sourcecode.swift; path = HomeScreenViewController.swift; sourceTree = "<group>"; };
		A29F37EB21B9800900644A28 /* AccountRole.swift */ = {isa = PBXFileReference; lastKnownFileType = sourcecode.swift; path = AccountRole.swift; sourceTree = "<group>"; };
		A29F37ED21B9D4AD00644A28 /* LocationData.csv */ = {isa = PBXFileReference; fileEncoding = 4; lastKnownFileType = text; name = LocationData.csv; path = ../../../../../Downloads/LocationData.csv; sourceTree = "<group>"; };
		A29F37EF21B9D63000644A28 /* Location.swift */ = {isa = PBXFileReference; lastKnownFileType = sourcecode.swift; path = Location.swift; sourceTree = "<group>"; };
		A29F37F121B9D83E00644A28 /* LocationDatabase.swift */ = {isa = PBXFileReference; lastKnownFileType = sourcecode.swift; path = LocationDatabase.swift; sourceTree = "<group>"; };
		A29F37F321B9E54000644A28 /* LocationListTableViewController.swift */ = {isa = PBXFileReference; lastKnownFileType = sourcecode.swift; path = LocationListTableViewController.swift; sourceTree = "<group>"; };
		A29F37F521B9E5B400644A28 /* LocationViewController.swift */ = {isa = PBXFileReference; lastKnownFileType = sourcecode.swift; path = LocationViewController.swift; sourceTree = "<group>"; };
		A29F37F721B9EB1100644A28 /* LocationTableViewCell.swift */ = {isa = PBXFileReference; lastKnownFileType = sourcecode.swift; path = LocationTableViewCell.swift; sourceTree = "<group>"; };
/* End PBXFileReference section */

/* Begin PBXFrameworksBuildPhase section */
		A2053E2F21AE13EF00AE5003 /* Frameworks */ = {
			isa = PBXFrameworksBuildPhase;
			buildActionMask = 2147483647;
			files = (
			);
			runOnlyForDeploymentPostprocessing = 0;
		};
/* End PBXFrameworksBuildPhase section */

/* Begin PBXGroup section */
		A2053E2921AE13EF00AE5003 = {
			isa = PBXGroup;
			children = (
				A2053E3421AE13EF00AE5003 /* DonationTracker */,
				A2053E3321AE13EF00AE5003 /* Products */,
			);
			sourceTree = "<group>";
		};
		A2053E3321AE13EF00AE5003 /* Products */ = {
			isa = PBXGroup;
			children = (
				A2053E3221AE13EF00AE5003 /* DonationTracker.app */,
			);
			name = Products;
			sourceTree = "<group>";
		};
		A2053E3421AE13EF00AE5003 /* DonationTracker */ = {
			isa = PBXGroup;
			children = (
				A29F37ED21B9D4AD00644A28 /* LocationData.csv */,
				A29F37E021B89ED100644A28 /* Controllers */,
				A2053E3521AE13EF00AE5003 /* AppDelegate.swift */,
				A2053E3721AE13EF00AE5003 /* ViewController.swift */,
				A2053E3921AE13EF00AE5003 /* Main.storyboard */,
				A2053E3C21AE13F000AE5003 /* Assets.xcassets */,
				A2053E3E21AE13F000AE5003 /* LaunchScreen.storyboard */,
				A2053E4121AE13F000AE5003 /* Info.plist */,
				A29F37D821B8993B00644A28 /* Model.swift */,
				A29F37DA21B89A4A00644A28 /* Account.swift */,
				A29F37E121B8A31100644A28 /* RegisterScreenViewController.swift */,
				A29F37E321B8C8D700644A28 /* AccountDatabase.swift */,
				A29F37E721B9067600644A28 /* LoginScreenViewController.swift */,
				A29F37E921B908A000644A28 /* HomeScreenViewController.swift */,
				A29F37EB21B9800900644A28 /* AccountRole.swift */,
				A29F37EF21B9D63000644A28 /* Location.swift */,
				A29F37F121B9D83E00644A28 /* LocationDatabase.swift */,
				A29F37F321B9E54000644A28 /* LocationListTableViewController.swift */,
				A29F37F521B9E5B400644A28 /* LocationViewController.swift */,
				A29F37F721B9EB1100644A28 /* LocationTableViewCell.swift */,
			);
			path = DonationTracker;
			sourceTree = "<group>";
		};
		A29F37E021B89ED100644A28 /* Controllers */ = {
			isa = PBXGroup;
			children = (
			);
			path = Controllers;
			sourceTree = "<group>";
		};
/* End PBXGroup section */

/* Begin PBXNativeTarget section */
		A2053E3121AE13EF00AE5003 /* DonationTracker */ = {
			isa = PBXNativeTarget;
			buildConfigurationList = A2053E4421AE13F000AE5003 /* Build configuration list for PBXNativeTarget "DonationTracker" */;
			buildPhases = (
				A2053E2E21AE13EF00AE5003 /* Sources */,
				A2053E2F21AE13EF00AE5003 /* Frameworks */,
				A2053E3021AE13EF00AE5003 /* Resources */,
			);
			buildRules = (
			);
			dependencies = (
			);
			name = DonationTracker;
			productName = DonationTracker;
			productReference = A2053E3221AE13EF00AE5003 /* DonationTracker.app */;
			productType = "com.apple.product-type.application";
		};
/* End PBXNativeTarget section */

/* Begin PBXProject section */
		A2053E2A21AE13EF00AE5003 /* Project object */ = {
			isa = PBXProject;
			attributes = {
				LastSwiftUpdateCheck = 1010;
				LastUpgradeCheck = 1010;
				ORGANIZATIONNAME = Kelly;
				TargetAttributes = {
					A2053E3121AE13EF00AE5003 = {
						CreatedOnToolsVersion = 10.1;
					};
				};
			};
			buildConfigurationList = A2053E2D21AE13EF00AE5003 /* Build configuration list for PBXProject "DonationTracker" */;
			compatibilityVersion = "Xcode 9.3";
			developmentRegion = en;
			hasScannedForEncodings = 0;
			knownRegions = (
				en,
				Base,
			);
			mainGroup = A2053E2921AE13EF00AE5003;
			productRefGroup = A2053E3321AE13EF00AE5003 /* Products */;
			projectDirPath = "";
			projectRoot = "";
			targets = (
				A2053E3121AE13EF00AE5003 /* DonationTracker */,
			);
		};
/* End PBXProject section */

/* Begin PBXResourcesBuildPhase section */
		A2053E3021AE13EF00AE5003 /* Resources */ = {
			isa = PBXResourcesBuildPhase;
			buildActionMask = 2147483647;
			files = (
				A2053E4021AE13F000AE5003 /* LaunchScreen.storyboard in Resources */,
				A29F37EE21B9D4AE00644A28 /* LocationData.csv in Resources */,
				A2053E3D21AE13F000AE5003 /* Assets.xcassets in Resources */,
				A2053E3B21AE13EF00AE5003 /* Main.storyboard in Resources */,
			);
			runOnlyForDeploymentPostprocessing = 0;
		};
/* End PBXResourcesBuildPhase section */

/* Begin PBXSourcesBuildPhase section */
		A2053E2E21AE13EF00AE5003 /* Sources */ = {
			isa = PBXSourcesBuildPhase;
			buildActionMask = 2147483647;
			files = (
				A29F37F421B9E54000644A28 /* LocationListTableViewController.swift in Sources */,
				A29F37D921B8993B00644A28 /* Model.swift in Sources */,
				A29F37EA21B908A000644A28 /* HomeScreenViewController.swift in Sources */,
				A29F37F021B9D63000644A28 /* Location.swift in Sources */,
				A29F37F221B9D83E00644A28 /* LocationDatabase.swift in Sources */,
				A29F37E821B9067600644A28 /* LoginScreenViewController.swift in Sources */,
				A29F37DB21B89A4A00644A28 /* Account.swift in Sources */,
				A29F37F621B9E5B400644A28 /* LocationViewController.swift in Sources */,
				A29F37F821B9EB1100644A28 /* LocationTableViewCell.swift in Sources */,
				A2053E3821AE13EF00AE5003 /* ViewController.swift in Sources */,
				A29F37E221B8A31100644A28 /* RegisterScreenViewController.swift in Sources */,
				A29F37EC21B9800900644A28 /* AccountRole.swift in Sources */,
				A29F37E421B8C8D700644A28 /* AccountDatabase.swift in Sources */,
				A2053E3621AE13EF00AE5003 /* AppDelegate.swift in Sources */,
			);
			runOnlyForDeploymentPostprocessing = 0;
		};
/* End PBXSourcesBuildPhase section */

/* Begin PBXVariantGroup section */
		A2053E3921AE13EF00AE5003 /* Main.storyboard */ = {
			isa = PBXVariantGroup;
			children = (
				A2053E3A21AE13EF00AE5003 /* Base */,
			);
			name = Main.storyboard;
			sourceTree = "<group>";
		};
		A2053E3E21AE13F000AE5003 /* LaunchScreen.storyboard */ = {
			isa = PBXVariantGroup;
			children = (
				A2053E3F21AE13F000AE5003 /* Base */,
			);
			name = LaunchScreen.storyboard;
			sourceTree = "<group>";
		};
/* End PBXVariantGroup section */

/* Begin XCBuildConfiguration section */
		A2053E4221AE13F000AE5003 /* Debug */ = {
			isa = XCBuildConfiguration;
			buildSettings = {
				ALWAYS_SEARCH_USER_PATHS = NO;
				CLANG_ANALYZER_NONNULL = YES;
				CLANG_ANALYZER_NUMBER_OBJECT_CONVERSION = YES_AGGRESSIVE;
				CLANG_CXX_LANGUAGE_STANDARD = "gnu++14";
				CLANG_CXX_LIBRARY = "libc++";
				CLANG_ENABLE_MODULES = YES;
				CLANG_ENABLE_OBJC_ARC = YES;
				CLANG_ENABLE_OBJC_WEAK = YES;
				CLANG_WARN_BLOCK_CAPTURE_AUTORELEASING = YES;
				CLANG_WARN_BOOL_CONVERSION = YES;
				CLANG_WARN_COMMA = YES;
				CLANG_WARN_CONSTANT_CONVERSION = YES;
				CLANG_WARN_DEPRECATED_OBJC_IMPLEMENTATIONS = YES;
				CLANG_WARN_DIRECT_OBJC_ISA_USAGE = YES_ERROR;
				CLANG_WARN_DOCUMENTATION_COMMENTS = YES;
				CLANG_WARN_EMPTY_BODY = YES;
				CLANG_WARN_ENUM_CONVERSION = YES;
				CLANG_WARN_INFINITE_RECURSION = YES;
				CLANG_WARN_INT_CONVERSION = YES;
				CLANG_WARN_NON_LITERAL_NULL_CONVERSION = YES;
				CLANG_WARN_OBJC_IMPLICIT_RETAIN_SELF = YES;
				CLANG_WARN_OBJC_LITERAL_CONVERSION = YES;
				CLANG_WARN_OBJC_ROOT_CLASS = YES_ERROR;
				CLANG_WARN_RANGE_LOOP_ANALYSIS = YES;
				CLANG_WARN_STRICT_PROTOTYPES = YES;
				CLANG_WARN_SUSPICIOUS_MOVE = YES;
				CLANG_WARN_UNGUARDED_AVAILABILITY = YES_AGGRESSIVE;
				CLANG_WARN_UNREACHABLE_CODE = YES;
				CLANG_WARN__DUPLICATE_METHOD_MATCH = YES;
				CODE_SIGN_IDENTITY = "iPhone Developer";
				COPY_PHASE_STRIP = NO;
				DEBUG_INFORMATION_FORMAT = dwarf;
				ENABLE_STRICT_OBJC_MSGSEND = YES;
				ENABLE_TESTABILITY = YES;
				GCC_C_LANGUAGE_STANDARD = gnu11;
				GCC_DYNAMIC_NO_PIC = NO;
				GCC_NO_COMMON_BLOCKS = YES;
				GCC_OPTIMIZATION_LEVEL = 0;
				GCC_PREPROCESSOR_DEFINITIONS = (
					"DEBUG=1",
					"$(inherited)",
				);
				GCC_WARN_64_TO_32_BIT_CONVERSION = YES;
				GCC_WARN_ABOUT_RETURN_TYPE = YES_ERROR;
				GCC_WARN_UNDECLARED_SELECTOR = YES;
				GCC_WARN_UNINITIALIZED_AUTOS = YES_AGGRESSIVE;
				GCC_WARN_UNUSED_FUNCTION = YES;
				GCC_WARN_UNUSED_VARIABLE = YES;
				IPHONEOS_DEPLOYMENT_TARGET = 12.1;
				MTL_ENABLE_DEBUG_INFO = INCLUDE_SOURCE;
				MTL_FAST_MATH = YES;
				ONLY_ACTIVE_ARCH = YES;
				SDKROOT = iphoneos;
				SWIFT_ACTIVE_COMPILATION_CONDITIONS = DEBUG;
				SWIFT_OPTIMIZATION_LEVEL = "-Onone";
			};
			name = Debug;
		};
		A2053E4321AE13F000AE5003 /* Release */ = {
			isa = XCBuildConfiguration;
			buildSettings = {
				ALWAYS_SEARCH_USER_PATHS = NO;
				CLANG_ANALYZER_NONNULL = YES;
				CLANG_ANALYZER_NUMBER_OBJECT_CONVERSION = YES_AGGRESSIVE;
				CLANG_CXX_LANGUAGE_STANDARD = "gnu++14";
				CLANG_CXX_LIBRARY = "libc++";
				CLANG_ENABLE_MODULES = YES;
				CLANG_ENABLE_OBJC_ARC = YES;
				CLANG_ENABLE_OBJC_WEAK = YES;
				CLANG_WARN_BLOCK_CAPTURE_AUTORELEASING = YES;
				CLANG_WARN_BOOL_CONVERSION = YES;
				CLANG_WARN_COMMA = YES;
				CLANG_WARN_CONSTANT_CONVERSION = YES;
				CLANG_WARN_DEPRECATED_OBJC_IMPLEMENTATIONS = YES;
				CLANG_WARN_DIRECT_OBJC_ISA_USAGE = YES_ERROR;
				CLANG_WARN_DOCUMENTATION_COMMENTS = YES;
				CLANG_WARN_EMPTY_BODY = YES;
				CLANG_WARN_ENUM_CONVERSION = YES;
				CLANG_WARN_INFINITE_RECURSION = YES;
				CLANG_WARN_INT_CONVERSION = YES;
				CLANG_WARN_NON_LITERAL_NULL_CONVERSION = YES;
				CLANG_WARN_OBJC_IMPLICIT_RETAIN_SELF = YES;
				CLANG_WARN_OBJC_LITERAL_CONVERSION = YES;
				CLANG_WARN_OBJC_ROOT_CLASS = YES_ERROR;
				CLANG_WARN_RANGE_LOOP_ANALYSIS = YES;
				CLANG_WARN_STRICT_PROTOTYPES = YES;
				CLANG_WARN_SUSPICIOUS_MOVE = YES;
				CLANG_WARN_UNGUARDED_AVAILABILITY = YES_AGGRESSIVE;
				CLANG_WARN_UNREACHABLE_CODE = YES;
				CLANG_WARN__DUPLICATE_METHOD_MATCH = YES;
				CODE_SIGN_IDENTITY = "iPhone Developer";
				COPY_PHASE_STRIP = NO;
				DEBUG_INFORMATION_FORMAT = "dwarf-with-dsym";
				ENABLE_NS_ASSERTIONS = NO;
				ENABLE_STRICT_OBJC_MSGSEND = YES;
				GCC_C_LANGUAGE_STANDARD = gnu11;
				GCC_NO_COMMON_BLOCKS = YES;
				GCC_WARN_64_TO_32_BIT_CONVERSION = YES;
				GCC_WARN_ABOUT_RETURN_TYPE = YES_ERROR;
				GCC_WARN_UNDECLARED_SELECTOR = YES;
				GCC_WARN_UNINITIALIZED_AUTOS = YES_AGGRESSIVE;
				GCC_WARN_UNUSED_FUNCTION = YES;
				GCC_WARN_UNUSED_VARIABLE = YES;
				IPHONEOS_DEPLOYMENT_TARGET = 12.1;
				MTL_ENABLE_DEBUG_INFO = NO;
				MTL_FAST_MATH = YES;
				SDKROOT = iphoneos;
				SWIFT_COMPILATION_MODE = wholemodule;
				SWIFT_OPTIMIZATION_LEVEL = "-O";
				VALIDATE_PRODUCT = YES;
			};
			name = Release;
		};
		A2053E4521AE13F000AE5003 /* Debug */ = {
			isa = XCBuildConfiguration;
			buildSettings = {
				ASSETCATALOG_COMPILER_APPICON_NAME = AppIcon;
				CODE_SIGN_STYLE = Automatic;
				DEVELOPMENT_TEAM = CX7RRV43TW;
				INFOPLIST_FILE = DonationTracker/Info.plist;
				IPHONEOS_DEPLOYMENT_TARGET = 11;
				LD_RUNPATH_SEARCH_PATHS = (
					"$(inherited)",
					"@executable_path/Frameworks",
				);
				PRODUCT_BUNDLE_IDENTIFIER = km.DonationTracker;
				PRODUCT_NAME = "$(TARGET_NAME)";
				SWIFT_VERSION = 4.2;
				TARGETED_DEVICE_FAMILY = "1,2";
			};
			name = Debug;
		};
		A2053E4621AE13F000AE5003 /* Release */ = {
			isa = XCBuildConfiguration;
			buildSettings = {
				ASSETCATALOG_COMPILER_APPICON_NAME = AppIcon;
				CODE_SIGN_STYLE = Automatic;
				DEVELOPMENT_TEAM = CX7RRV43TW;
				INFOPLIST_FILE = DonationTracker/Info.plist;
				IPHONEOS_DEPLOYMENT_TARGET = 11;
				LD_RUNPATH_SEARCH_PATHS = (
					"$(inherited)",
					"@executable_path/Frameworks",
				);
				PRODUCT_BUNDLE_IDENTIFIER = km.DonationTracker;
				PRODUCT_NAME = "$(TARGET_NAME)";
				SWIFT_VERSION = 4.2;
				TARGETED_DEVICE_FAMILY = "1,2";
			};
			name = Release;
		};
/* End XCBuildConfiguration section */

/* Begin XCConfigurationList section */
		A2053E2D21AE13EF00AE5003 /* Build configuration list for PBXProject "DonationTracker" */ = {
			isa = XCConfigurationList;
			buildConfigurations = (
				A2053E4221AE13F000AE5003 /* Debug */,
				A2053E4321AE13F000AE5003 /* Release */,
			);
			defaultConfigurationIsVisible = 0;
			defaultConfigurationName = Release;
		};
		A2053E4421AE13F000AE5003 /* Build configuration list for PBXNativeTarget "DonationTracker" */ = {
			isa = XCConfigurationList;
			buildConfigurations = (
				A2053E4521AE13F000AE5003 /* Debug */,
				A2053E4621AE13F000AE5003 /* Release */,
			);
			defaultConfigurationIsVisible = 0;
			defaultConfigurationName = Release;
		};
/* End XCConfigurationList section */
	};
	rootObject = A2053E2A21AE13EF00AE5003 /* Project object */;
}
